
Microsoft Visual Studio Solution File, Format Version 12.00
# Visual Studio Version 17
VisualStudioVersion = 17.3.32922.545
MinimumVisualStudioVersion = 10.0.40219.1
Project("{FAE04EC0-301F-11D3-BF4B-00C04F79EFBC}") = "Euclidean Algorithm", "Euclidean Algorithm\Euclidean Algorithm.csproj", "{F6BBC65E-DC36-434B-A8F9-2EE3A04F11B7}"
EndProject
Global
	GlobalSection(SolutionConfigurationPlatforms) = preSolution
		Debug|Any CPU = Debug|Any CPU
		Release|Any CPU = Release|Any CPU
	EndGlobalSection
	GlobalSection(ProjectConfigurationPlatforms) = postSolution
		{F6BBC65E-DC36-434B-A8F9-2EE3A04F11B7}.Debug|Any CPU.ActiveCfg = Debug|Any CPU
		{F6BBC65E-DC36-434B-A8F9-2EE3A04F11B7}.Debug|Any CPU.Build.0 = Debug|Any CPU
		{F6BBC65E-DC36-434B-A8F9-2EE3A04F11B7}.Release|Any CPU.ActiveCfg = Release|Any CPU
		{F6BBC65E-DC36-434B-A8F9-2EE3A04F11B7}.Release|Any CPU.Build.0 = Release|Any CPU
	EndGlobalSection
	GlobalSection(SolutionProperties) = preSolution
		HideSolutionNode = FALSE
	EndGlobalSection
	GlobalSection(ExtensibilityGlobals) = postSolution
		SolutionGuid = {FF242E2C-5349-470F-BC73-42C643DB0119}
	EndGlobalSection
EndGlobal
